// !$*UTF8*$!
{
	archiveVersion = 1;
	classes = {
	};
	objectVersion = 56;
	objects = {

/* Begin PBXBuildFile section */
		9600B1542AA367380035E2B6 /* LOTRCurrencyConverterApp.swift in Sources */ = {isa = PBXBuildFile; fileRef = 9600B1532AA367380035E2B6 /* LOTRCurrencyConverterApp.swift */; };
		9600B1562AA367380035E2B6 /* ContentView.swift in Sources */ = {isa = PBXBuildFile; fileRef = 9600B1552AA367380035E2B6 /* ContentView.swift */; };
		9600B1582AA367460035E2B6 /* Assets.xcassets in Resources */ = {isa = PBXBuildFile; fileRef = 9600B1572AA367460035E2B6 /* Assets.xcassets */; };
		9600B15B2AA367460035E2B6 /* Preview Assets.xcassets in Resources */ = {isa = PBXBuildFile; fileRef = 9600B15A2AA367460035E2B6 /* Preview Assets.xcassets */; };
		969501A42AA4DC3A00F8BAF7 /* SelectCurrency.swift in Sources */ = {isa = PBXBuildFile; fileRef = 969501A32AA4DC3A00F8BAF7 /* SelectCurrency.swift */; };
		969501A62AA4DE1A00F8BAF7 /* CurrencyIcon.swift in Sources */ = {isa = PBXBuildFile; fileRef = 969501A52AA4DE1A00F8BAF7 /* CurrencyIcon.swift */; };
		969501A92AA55FA100F8BAF7 /* Currency.swift in Sources */ = {isa = PBXBuildFile; fileRef = 969501A82AA55FA100F8BAF7 /* Currency.swift */; };
		969501AB2AA5F5AD00F8BAF7 /* CurrencyGrid.swift in Sources */ = {isa = PBXBuildFile; fileRef = 969501AA2AA5F5AD00F8BAF7 /* CurrencyGrid.swift */; };
		96F59C7E2AA4CFDF00C2BD9D /* ExchangeInfo.swift in Sources */ = {isa = PBXBuildFile; fileRef = 96F59C7D2AA4CFDF00C2BD9D /* ExchangeInfo.swift */; };
		96F59C812AA4D4C800C2BD9D /* ExchangeRate.swift in Sources */ = {isa = PBXBuildFile; fileRef = 96F59C802AA4D4C800C2BD9D /* ExchangeRate.swift */; };
/* End PBXBuildFile section */

/* Begin PBXFileReference section */
		9600B1502AA367380035E2B6 /* LOTRCurrencyConverter.app */ = {isa = PBXFileReference; explicitFileType = wrapper.application; includeInIndex = 0; path = LOTRCurrencyConverter.app; sourceTree = BUILT_PRODUCTS_DIR; };
		9600B1532AA367380035E2B6 /* LOTRCurrencyConverterApp.swift */ = {isa = PBXFileReference; lastKnownFileType = sourcecode.swift; path = LOTRCurrencyConverterApp.swift; sourceTree = "<group>"; };
		9600B1552AA367380035E2B6 /* ContentView.swift */ = {isa = PBXFileReference; lastKnownFileType = sourcecode.swift; path = ContentView.swift; sourceTree = "<group>"; };
		9600B1572AA367460035E2B6 /* Assets.xcassets */ = {isa = PBXFileReference; lastKnownFileType = folder.assetcatalog; path = Assets.xcassets; sourceTree = "<group>"; };
		9600B15A2AA367460035E2B6 /* Preview Assets.xcassets */ = {isa = PBXFileReference; lastKnownFileType = folder.assetcatalog; path = "Preview Assets.xcassets"; sourceTree = "<group>"; };
		969501A32AA4DC3A00F8BAF7 /* SelectCurrency.swift */ = {isa = PBXFileReference; lastKnownFileType = sourcecode.swift; path = SelectCurrency.swift; sourceTree = "<group>"; };
		969501A52AA4DE1A00F8BAF7 /* CurrencyIcon.swift */ = {isa = PBXFileReference; lastKnownFileType = sourcecode.swift; path = CurrencyIcon.swift; sourceTree = "<group>"; };
		969501A82AA55FA100F8BAF7 /* Currency.swift */ = {isa = PBXFileReference; lastKnownFileType = sourcecode.swift; path = Currency.swift; sourceTree = "<group>"; };
		969501AA2AA5F5AD00F8BAF7 /* CurrencyGrid.swift */ = {isa = PBXFileReference; lastKnownFileType = sourcecode.swift; path = CurrencyGrid.swift; sourceTree = "<group>"; };
		96F59C7D2AA4CFDF00C2BD9D /* ExchangeInfo.swift */ = {isa = PBXFileReference; lastKnownFileType = sourcecode.swift; path = ExchangeInfo.swift; sourceTree = "<group>"; };
		96F59C802AA4D4C800C2BD9D /* ExchangeRate.swift */ = {isa = PBXFileReference; lastKnownFileType = sourcecode.swift; path = ExchangeRate.swift; sourceTree = "<group>"; };
/* End PBXFileReference section */

/* Begin PBXFrameworksBuildPhase section */
		9600B14D2AA367380035E2B6 /* Frameworks */ = {
			isa = PBXFrameworksBuildPhase;
			buildActionMask = 2147483647;
			files = (
			);
			runOnlyForDeploymentPostprocessing = 0;
		};
/* End PBXFrameworksBuildPhase section */

/* Begin PBXGroup section */
		9600B1472AA367380035E2B6 = {
			isa = PBXGroup;
			children = (
				9600B1522AA367380035E2B6 /* LOTRCurrencyConverter */,
				9600B1512AA367380035E2B6 /* Products */,
			);
			sourceTree = "<group>";
		};
		9600B1512AA367380035E2B6 /* Products */ = {
			isa = PBXGroup;
			children = (
				9600B1502AA367380035E2B6 /* LOTRCurrencyConverter.app */,
			);
			name = Products;
			sourceTree = "<group>";
		};
		9600B1522AA367380035E2B6 /* LOTRCurrencyConverter */ = {
			isa = PBXGroup;
			children = (
				969501A72AA55E9500F8BAF7 /* models */,
				9600B1532AA367380035E2B6 /* LOTRCurrencyConverterApp.swift */,
				96F59C7F2AA4D02500C2BD9D /* views */,
				9600B1572AA367460035E2B6 /* Assets.xcassets */,
				9600B1592AA367460035E2B6 /* Preview Content */,
			);
			path = LOTRCurrencyConverter;
			sourceTree = "<group>";
		};
		9600B1592AA367460035E2B6 /* Preview Content */ = {
			isa = PBXGroup;
			children = (
				9600B15A2AA367460035E2B6 /* Preview Assets.xcassets */,
			);
			path = "Preview Content";
			sourceTree = "<group>";
		};
		969501A72AA55E9500F8BAF7 /* models */ = {
			isa = PBXGroup;
			children = (
				969501A82AA55FA100F8BAF7 /* Currency.swift */,
			);
			path = models;
			sourceTree = "<group>";
		};
		96F59C7F2AA4D02500C2BD9D /* views */ = {
			isa = PBXGroup;
			children = (
				9600B1552AA367380035E2B6 /* ContentView.swift */,
				96F59C7D2AA4CFDF00C2BD9D /* ExchangeInfo.swift */,
				96F59C802AA4D4C800C2BD9D /* ExchangeRate.swift */,
				969501A32AA4DC3A00F8BAF7 /* SelectCurrency.swift */,
				969501A52AA4DE1A00F8BAF7 /* CurrencyIcon.swift */,
				969501AA2AA5F5AD00F8BAF7 /* CurrencyGrid.swift */,
			);
			path = views;
			sourceTree = "<group>";
		};
/* End PBXGroup section */

/* Begin PBXNativeTarget section */
		9600B14F2AA367380035E2B6 /* LOTRCurrencyConverter */ = {
			isa = PBXNativeTarget;
			buildConfigurationList = 9600B15E2AA367460035E2B6 /* Build configuration list for PBXNativeTarget "LOTRCurrencyConverter" */;
			buildPhases = (
				9600B14C2AA367380035E2B6 /* Sources */,
				9600B14D2AA367380035E2B6 /* Frameworks */,
				9600B14E2AA367380035E2B6 /* Resources */,
			);
			buildRules = (
			);
			dependencies = (
			);
			name = LOTRCurrencyConverter;
			productName = LOTRCurrencyConverter;
			productReference = 9600B1502AA367380035E2B6 /* LOTRCurrencyConverter.app */;
			productType = "com.apple.product-type.application";
		};
/* End PBXNativeTarget section */

/* Begin PBXProject section */
		9600B1482AA367380035E2B6 /* Project object */ = {
			isa = PBXProject;
			attributes = {
				BuildIndependentTargetsInParallel = 1;
				LastSwiftUpdateCheck = 1500;
				LastUpgradeCheck = 1500;
				TargetAttributes = {
					9600B14F2AA367380035E2B6 = {
						CreatedOnToolsVersion = 15.0;
					};
				};
			};
			buildConfigurationList = 9600B14B2AA367380035E2B6 /* Build configuration list for PBXProject "LOTRCurrencyConverter" */;
			compatibilityVersion = "Xcode 14.0";
			developmentRegion = en;
			hasScannedForEncodings = 0;
			knownRegions = (
				en,
				Base,
			);
			mainGroup = 9600B1472AA367380035E2B6;
			productRefGroup = 9600B1512AA367380035E2B6 /* Products */;
			projectDirPath = "";
			projectRoot = "";
			targets = (
				9600B14F2AA367380035E2B6 /* LOTRCurrencyConverter */,
			);
		};
/* End PBXProject section */

/* Begin PBXResourcesBuildPhase section */
		9600B14E2AA367380035E2B6 /* Resources */ = {
			isa = PBXResourcesBuildPhase;
			buildActionMask = 2147483647;
			files = (
				9600B15B2AA367460035E2B6 /* Preview Assets.xcassets in Resources */,
				9600B1582AA367460035E2B6 /* Assets.xcassets in Resources */,
			);
			runOnlyForDeploymentPostprocessing = 0;
		};
/* End PBXResourcesBuildPhase section */

/* Begin PBXSourcesBuildPhase section */
		9600B14C2AA367380035E2B6 /* Sources */ = {
			isa = PBXSourcesBuildPhase;
			buildActionMask = 2147483647;
			files = (
				96F59C812AA4D4C800C2BD9D /* ExchangeRate.swift in Sources */,
				969501A42AA4DC3A00F8BAF7 /* SelectCurrency.swift in Sources */,
				96F59C7E2AA4CFDF00C2BD9D /* ExchangeInfo.swift in Sources */,
				9600B1562AA367380035E2B6 /* ContentView.swift in Sources */,
				9600B1542AA367380035E2B6 /* LOTRCurrencyConverterApp.swift in Sources */,
				969501A92AA55FA100F8BAF7 /* Currency.swift in Sources */,
				969501AB2AA5F5AD00F8BAF7 /* CurrencyGrid.swift in Sources */,
				969501A62AA4DE1A00F8BAF7 /* CurrencyIcon.swift in Sources */,
			);
			runOnlyForDeploymentPostprocessing = 0;
		};
/* End PBXSourcesBuildPhase section */

/* Begin XCBuildConfiguration section */
		9600B15C2AA367460035E2B6 /* Debug */ = {
			isa = XCBuildConfiguration;
			buildSettings = {
				ALWAYS_SEARCH_USER_PATHS = NO;
				ASSETCATALOG_COMPILER_GENERATE_SWIFT_ASSET_SYMBOL_EXTENSIONS = YES;
				CLANG_ANALYZER_NONNULL = YES;
				CLANG_ANALYZER_NUMBER_OBJECT_CONVERSION = YES_AGGRESSIVE;
				CLANG_CXX_LANGUAGE_STANDARD = "gnu++20";
				CLANG_ENABLE_MODULES = YES;
				CLANG_ENABLE_OBJC_ARC = YES;
				CLANG_ENABLE_OBJC_WEAK = YES;
				CLANG_WARN_BLOCK_CAPTURE_AUTORELEASING = YES;
				CLANG_WARN_BOOL_CONVERSION = YES;
				CLANG_WARN_COMMA = YES;
				CLANG_WARN_CONSTANT_CONVERSION = YES;
				CLANG_WARN_DEPRECATED_OBJC_IMPLEMENTATIONS = YES;
				CLANG_WARN_DIRECT_OBJC_ISA_USAGE = YES_ERROR;
				CLANG_WARN_DOCUMENTATION_COMMENTS = YES;
				CLANG_WARN_EMPTY_BODY = YES;
				CLANG_WARN_ENUM_CONVERSION = YES;
				CLANG_WARN_INFINITE_RECURSION = YES;
				CLANG_WARN_INT_CONVERSION = YES;
				CLANG_WARN_NON_LITERAL_NULL_CONVERSION = YES;
				CLANG_WARN_OBJC_IMPLICIT_RETAIN_SELF = YES;
				CLANG_WARN_OBJC_LITERAL_CONVERSION = YES;
				CLANG_WARN_OBJC_ROOT_CLASS = YES_ERROR;
				CLANG_WARN_QUOTED_INCLUDE_IN_FRAMEWORK_HEADER = YES;
				CLANG_WARN_RANGE_LOOP_ANALYSIS = YES;
				CLANG_WARN_STRICT_PROTOTYPES = YES;
				CLANG_WARN_SUSPICIOUS_MOVE = YES;
				CLANG_WARN_UNGUARDED_AVAILABILITY = YES_AGGRESSIVE;
				CLANG_WARN_UNREACHABLE_CODE = YES;
				CLANG_WARN__DUPLICATE_METHOD_MATCH = YES;
				COPY_PHASE_STRIP = NO;
				DEBUG_INFORMATION_FORMAT = dwarf;
				ENABLE_STRICT_OBJC_MSGSEND = YES;
				ENABLE_TESTABILITY = YES;
				ENABLE_USER_SCRIPT_SANDBOXING = YES;
				GCC_C_LANGUAGE_STANDARD = gnu17;
				GCC_DYNAMIC_NO_PIC = NO;
				GCC_NO_COMMON_BLOCKS = YES;
				GCC_OPTIMIZATION_LEVEL = 0;
				GCC_PREPROCESSOR_DEFINITIONS = (
					"DEBUG=1",
					"$(inherited)",
				);
				GCC_WARN_64_TO_32_BIT_CONVERSION = YES;
				GCC_WARN_ABOUT_RETURN_TYPE = YES_ERROR;
				GCC_WARN_UNDECLARED_SELECTOR = YES;
				GCC_WARN_UNINITIALIZED_AUTOS = YES_AGGRESSIVE;
				GCC_WARN_UNUSED_FUNCTION = YES;
				GCC_WARN_UNUSED_VARIABLE = YES;
				IPHONEOS_DEPLOYMENT_TARGET = 17.0;
				LOCALIZATION_PREFERS_STRING_CATALOGS = YES;
				MTL_ENABLE_DEBUG_INFO = INCLUDE_SOURCE;
				MTL_FAST_MATH = YES;
				ONLY_ACTIVE_ARCH = YES;
				SDKROOT = iphoneos;
				SWIFT_ACTIVE_COMPILATION_CONDITIONS = "DEBUG $(inherited)";
				SWIFT_OPTIMIZATION_LEVEL = "-Onone";
			};
			name = Debug;
		};
		9600B15D2AA367460035E2B6 /* Release */ = {
			isa = XCBuildConfiguration;
			buildSettings = {
				ALWAYS_SEARCH_USER_PATHS = NO;
				ASSETCATALOG_COMPILER_GENERATE_SWIFT_ASSET_SYMBOL_EXTENSIONS = YES;
				CLANG_ANALYZER_NONNULL = YES;
				CLANG_ANALYZER_NUMBER_OBJECT_CONVERSION = YES_AGGRESSIVE;
				CLANG_CXX_LANGUAGE_STANDARD = "gnu++20";
				CLANG_ENABLE_MODULES = YES;
				CLANG_ENABLE_OBJC_ARC = YES;
				CLANG_ENABLE_OBJC_WEAK = YES;
				CLANG_WARN_BLOCK_CAPTURE_AUTORELEASING = YES;
				CLANG_WARN_BOOL_CONVERSION = YES;
				CLANG_WARN_COMMA = YES;
				CLANG_WARN_CONSTANT_CONVERSION = YES;
				CLANG_WARN_DEPRECATED_OBJC_IMPLEMENTATIONS = YES;
				CLANG_WARN_DIRECT_OBJC_ISA_USAGE = YES_ERROR;
				CLANG_WARN_DOCUMENTATION_COMMENTS = YES;
				CLANG_WARN_EMPTY_BODY = YES;
				CLANG_WARN_ENUM_CONVERSION = YES;
				CLANG_WARN_INFINITE_RECURSION = YES;
				CLANG_WARN_INT_CONVERSION = YES;
				CLANG_WARN_NON_LITERAL_NULL_CONVERSION = YES;
				CLANG_WARN_OBJC_IMPLICIT_RETAIN_SELF = YES;
				CLANG_WARN_OBJC_LITERAL_CONVERSION = YES;
				CLANG_WARN_OBJC_ROOT_CLASS = YES_ERROR;
				CLANG_WARN_QUOTED_INCLUDE_IN_FRAMEWORK_HEADER = YES;
				CLANG_WARN_RANGE_LOOP_ANALYSIS = YES;
				CLANG_WARN_STRICT_PROTOTYPES = YES;
				CLANG_WARN_SUSPICIOUS_MOVE = YES;
				CLANG_WARN_UNGUARDED_AVAILABILITY = YES_AGGRESSIVE;
				CLANG_WARN_UNREACHABLE_CODE = YES;
				CLANG_WARN__DUPLICATE_METHOD_MATCH = YES;
				COPY_PHASE_STRIP = NO;
				DEBUG_INFORMATION_FORMAT = "dwarf-with-dsym";
				ENABLE_NS_ASSERTIONS = NO;
				ENABLE_STRICT_OBJC_MSGSEND = YES;
				ENABLE_USER_SCRIPT_SANDBOXING = YES;
				GCC_C_LANGUAGE_STANDARD = gnu17;
				GCC_NO_COMMON_BLOCKS = YES;
				GCC_WARN_64_TO_32_BIT_CONVERSION = YES;
				GCC_WARN_ABOUT_RETURN_TYPE = YES_ERROR;
				GCC_WARN_UNDECLARED_SELECTOR = YES;
				GCC_WARN_UNINITIALIZED_AUTOS = YES_AGGRESSIVE;
				GCC_WARN_UNUSED_FUNCTION = YES;
				GCC_WARN_UNUSED_VARIABLE = YES;
				IPHONEOS_DEPLOYMENT_TARGET = 17.0;
				LOCALIZATION_PREFERS_STRING_CATALOGS = YES;
				MTL_ENABLE_DEBUG_INFO = NO;
				MTL_FAST_MATH = YES;
				SDKROOT = iphoneos;
				SWIFT_COMPILATION_MODE = wholemodule;
				VALIDATE_PRODUCT = YES;
			};
			name = Release;
		};
		9600B15F2AA367460035E2B6 /* Debug */ = {
			isa = XCBuildConfiguration;
			buildSettings = {
				ASSETCATALOG_COMPILER_APPICON_NAME = AppIcon;
				ASSETCATALOG_COMPILER_GLOBAL_ACCENT_COLOR_NAME = AccentColor;
				CODE_SIGN_STYLE = Automatic;
				CURRENT_PROJECT_VERSION = 1;
				DEVELOPMENT_ASSET_PATHS = "\"LOTRCurrencyConverter/Preview Content\"";
				DEVELOPMENT_TEAM = 64GU32RAV4;
				ENABLE_PREVIEWS = YES;
				GENERATE_INFOPLIST_FILE = YES;
				INFOPLIST_KEY_UIApplicationSceneManifest_Generation = YES;
				INFOPLIST_KEY_UIApplicationSupportsIndirectInputEvents = YES;
				INFOPLIST_KEY_UILaunchScreen_Generation = YES;
				INFOPLIST_KEY_UISupportedInterfaceOrientations_iPad = "UIInterfaceOrientationPortrait UIInterfaceOrientationPortraitUpsideDown UIInterfaceOrientationLandscapeLeft UIInterfaceOrientationLandscapeRight";
				INFOPLIST_KEY_UISupportedInterfaceOrientations_iPhone = "UIInterfaceOrientationPortrait UIInterfaceOrientationLandscapeLeft UIInterfaceOrientationLandscapeRight";
				LD_RUNPATH_SEARCH_PATHS = (
					"$(inherited)",
					"@executable_path/Frameworks",
				);
				MARKETING_VERSION = 1.0;
				PRODUCT_BUNDLE_IDENTIFIER = ca.jgdesigns.LOTRCurrencyConverter;
				PRODUCT_NAME = "$(TARGET_NAME)";
				SWIFT_EMIT_LOC_STRINGS = YES;
				SWIFT_VERSION = 5.0;
				TARGETED_DEVICE_FAMILY = "1,2";
			};
			name = Debug;
		};
		9600B1602AA367460035E2B6 /* Release */ = {
			isa = XCBuildConfiguration;
			buildSettings = {
				ASSETCATALOG_COMPILER_APPICON_NAME = AppIcon;
				ASSETCATALOG_COMPILER_GLOBAL_ACCENT_COLOR_NAME = AccentColor;
				CODE_SIGN_STYLE = Automatic;
				CURRENT_PROJECT_VERSION = 1;
				DEVELOPMENT_ASSET_PATHS = "\"LOTRCurrencyConverter/Preview Content\"";
				DEVELOPMENT_TEAM = 64GU32RAV4;
				ENABLE_PREVIEWS = YES;
				GENERATE_INFOPLIST_FILE = YES;
				INFOPLIST_KEY_UIApplicationSceneManifest_Generation = YES;
				INFOPLIST_KEY_UIApplicationSupportsIndirectInputEvents = YES;
				INFOPLIST_KEY_UILaunchScreen_Generation = YES;
				INFOPLIST_KEY_UISupportedInterfaceOrientations_iPad = "UIInterfaceOrientationPortrait UIInterfaceOrientationPortraitUpsideDown UIInterfaceOrientationLandscapeLeft UIInterfaceOrientationLandscapeRight";
				INFOPLIST_KEY_UISupportedInterfaceOrientations_iPhone = "UIInterfaceOrientationPortrait UIInterfaceOrientationLandscapeLeft UIInterfaceOrientationLandscapeRight";
				LD_RUNPATH_SEARCH_PATHS = (
					"$(inherited)",
					"@executable_path/Frameworks",
				);
				MARKETING_VERSION = 1.0;
				PRODUCT_BUNDLE_IDENTIFIER = ca.jgdesigns.LOTRCurrencyConverter;
				PRODUCT_NAME = "$(TARGET_NAME)";
				SWIFT_EMIT_LOC_STRINGS = YES;
				SWIFT_VERSION = 5.0;
				TARGETED_DEVICE_FAMILY = "1,2";
			};
			name = Release;
		};
/* End XCBuildConfiguration section */

/* Begin XCConfigurationList section */
		9600B14B2AA367380035E2B6 /* Build configuration list for PBXProject "LOTRCurrencyConverter" */ = {
			isa = XCConfigurationList;
			buildConfigurations = (
				9600B15C2AA367460035E2B6 /* Debug */,
				9600B15D2AA367460035E2B6 /* Release */,
			);
			defaultConfigurationIsVisible = 0;
			defaultConfigurationName = Release;
		};
		9600B15E2AA367460035E2B6 /* Build configuration list for PBXNativeTarget "LOTRCurrencyConverter" */ = {
			isa = XCConfigurationList;
			buildConfigurations = (
				9600B15F2AA367460035E2B6 /* Debug */,
				9600B1602AA367460035E2B6 /* Release */,
			);
			defaultConfigurationIsVisible = 0;
			defaultConfigurationName = Release;
		};
/* End XCConfigurationList section */
	};
	rootObject = 9600B1482AA367380035E2B6 /* Project object */;
}
